// !$*UTF8*$!
{
	archiveVersion = 1;
	classes = {
	};
	objectVersion = 55;
	objects = {

/* Begin PBXBuildFile section */
		273D33E12827B8C600350648 /* List4.swift in Sources */ = {isa = PBXBuildFile; fileRef = 273D33E02827B8C500350648 /* List4.swift */; };
		278D634F28269F200092F944 /* ContentView2.swift in Sources */ = {isa = PBXBuildFile; fileRef = 278D634E28269F200092F944 /* ContentView2.swift */; };
		278D63512826A58B0092F944 /* ContentView3.swift in Sources */ = {isa = PBXBuildFile; fileRef = 278D63502826A58B0092F944 /* ContentView3.swift */; };
		278D63552826AEB40092F944 /* List1.swift in Sources */ = {isa = PBXBuildFile; fileRef = 278D63542826AEB40092F944 /* List1.swift */; };
		27F4E99028267D3600689710 /* WaterBalanceApp.swift in Sources */ = {isa = PBXBuildFile; fileRef = 27F4E98F28267D3600689710 /* WaterBalanceApp.swift */; };
		27F4E99228267D3600689710 /* ContentView.swift in Sources */ = {isa = PBXBuildFile; fileRef = 27F4E99128267D3600689710 /* ContentView.swift */; };
		27F4E99428267D3800689710 /* Assets.xcassets in Resources */ = {isa = PBXBuildFile; fileRef = 27F4E99328267D3800689710 /* Assets.xcassets */; };
		27F4E99728267D3800689710 /* Preview Assets.xcassets in Resources */ = {isa = PBXBuildFile; fileRef = 27F4E99628267D3800689710 /* Preview Assets.xcassets */; };
		27F4E99E282690EB00689710 /* ContentView1.swift in Sources */ = {isa = PBXBuildFile; fileRef = 27F4E99D282690EA00689710 /* ContentView1.swift */; };
		27F79CF52827152E00299F3C /* List2.swift in Sources */ = {isa = PBXBuildFile; fileRef = 27F79CF42827152E00299F3C /* List2.swift */; };
		27F79CF7282727AA00299F3C /* List3.swift in Sources */ = {isa = PBXBuildFile; fileRef = 27F79CF6282727A900299F3C /* List3.swift */; };
/* End PBXBuildFile section */

/* Begin PBXFileReference section */
		273D33E02827B8C500350648 /* List4.swift */ = {isa = PBXFileReference; lastKnownFileType = sourcecode.swift; path = List4.swift; sourceTree = "<group>"; };
		278D634E28269F200092F944 /* ContentView2.swift */ = {isa = PBXFileReference; lastKnownFileType = sourcecode.swift; path = ContentView2.swift; sourceTree = "<group>"; };
		278D63502826A58B0092F944 /* ContentView3.swift */ = {isa = PBXFileReference; lastKnownFileType = sourcecode.swift; path = ContentView3.swift; sourceTree = "<group>"; };
		278D63542826AEB40092F944 /* List1.swift */ = {isa = PBXFileReference; lastKnownFileType = sourcecode.swift; path = List1.swift; sourceTree = "<group>"; };
		27F4E98C28267D3600689710 /* WaterBalance.app */ = {isa = PBXFileReference; explicitFileType = wrapper.application; includeInIndex = 0; path = WaterBalance.app; sourceTree = BUILT_PRODUCTS_DIR; };
		27F4E98F28267D3600689710 /* WaterBalanceApp.swift */ = {isa = PBXFileReference; lastKnownFileType = sourcecode.swift; path = WaterBalanceApp.swift; sourceTree = "<group>"; };
		27F4E99128267D3600689710 /* ContentView.swift */ = {isa = PBXFileReference; lastKnownFileType = sourcecode.swift; path = ContentView.swift; sourceTree = "<group>"; };
		27F4E99328267D3800689710 /* Assets.xcassets */ = {isa = PBXFileReference; lastKnownFileType = folder.assetcatalog; path = Assets.xcassets; sourceTree = "<group>"; };
		27F4E99628267D3800689710 /* Preview Assets.xcassets */ = {isa = PBXFileReference; lastKnownFileType = folder.assetcatalog; path = "Preview Assets.xcassets"; sourceTree = "<group>"; };
		27F4E99D282690EA00689710 /* ContentView1.swift */ = {isa = PBXFileReference; lastKnownFileType = sourcecode.swift; path = ContentView1.swift; sourceTree = "<group>"; };
		27F79CF42827152E00299F3C /* List2.swift */ = {isa = PBXFileReference; lastKnownFileType = sourcecode.swift; path = List2.swift; sourceTree = "<group>"; };
		27F79CF6282727A900299F3C /* List3.swift */ = {isa = PBXFileReference; lastKnownFileType = sourcecode.swift; path = List3.swift; sourceTree = "<group>"; };
/* End PBXFileReference section */

/* Begin PBXFrameworksBuildPhase section */
		27F4E98928267D3600689710 /* Frameworks */ = {
			isa = PBXFrameworksBuildPhase;
			buildActionMask = 2147483647;
			files = (
			);
			runOnlyForDeploymentPostprocessing = 0;
		};
/* End PBXFrameworksBuildPhase section */

/* Begin PBXGroup section */
		27F4E98328267D3600689710 = {
			isa = PBXGroup;
			children = (
				27F4E98E28267D3600689710 /* WaterBalance */,
				27F4E98D28267D3600689710 /* Products */,
			);
			sourceTree = "<group>";
		};
		27F4E98D28267D3600689710 /* Products */ = {
			isa = PBXGroup;
			children = (
				27F4E98C28267D3600689710 /* WaterBalance.app */,
			);
			name = Products;
			sourceTree = "<group>";
		};
		27F4E98E28267D3600689710 /* WaterBalance */ = {
			isa = PBXGroup;
			children = (
				27F4E98F28267D3600689710 /* WaterBalanceApp.swift */,
				273D33E02827B8C500350648 /* List4.swift */,
				27F79CF6282727A900299F3C /* List3.swift */,
				27F79CF42827152E00299F3C /* List2.swift */,
				278D63542826AEB40092F944 /* List1.swift */,
				278D63502826A58B0092F944 /* ContentView3.swift */,
				278D634E28269F200092F944 /* ContentView2.swift */,
				27F4E99D282690EA00689710 /* ContentView1.swift */,
				27F4E99128267D3600689710 /* ContentView.swift */,
				27F4E99328267D3800689710 /* Assets.xcassets */,
				27F4E99528267D3800689710 /* Preview Content */,
			);
			path = WaterBalance;
			sourceTree = "<group>";
		};
		27F4E99528267D3800689710 /* Preview Content */ = {
			isa = PBXGroup;
			children = (
				27F4E99628267D3800689710 /* Preview Assets.xcassets */,
			);
			path = "Preview Content";
			sourceTree = "<group>";
		};
/* End PBXGroup section */

/* Begin PBXNativeTarget section */
		27F4E98B28267D3600689710 /* WaterBalance */ = {
			isa = PBXNativeTarget;
			buildConfigurationList = 27F4E99A28267D3800689710 /* Build configuration list for PBXNativeTarget "WaterBalance" */;
			buildPhases = (
				27F4E98828267D3600689710 /* Sources */,
				27F4E98928267D3600689710 /* Frameworks */,
				27F4E98A28267D3600689710 /* Resources */,
			);
			buildRules = (
			);
			dependencies = (
			);
			name = WaterBalance;
			productName = WaterBalance;
			productReference = 27F4E98C28267D3600689710 /* WaterBalance.app */;
			productType = "com.apple.product-type.application";
		};
/* End PBXNativeTarget section */

/* Begin PBXProject section */
		27F4E98428267D3600689710 /* Project object */ = {
			isa = PBXProject;
			attributes = {
				BuildIndependentTargetsInParallel = 1;
				LastSwiftUpdateCheck = 1330;
				LastUpgradeCheck = 1330;
				TargetAttributes = {
					27F4E98B28267D3600689710 = {
						CreatedOnToolsVersion = 13.3.1;
					};
				};
			};
			buildConfigurationList = 27F4E98728267D3600689710 /* Build configuration list for PBXProject "WaterBalance" */;
			compatibilityVersion = "Xcode 13.0";
			developmentRegion = en;
			hasScannedForEncodings = 0;
			knownRegions = (
				en,
				Base,
			);
			mainGroup = 27F4E98328267D3600689710;
			productRefGroup = 27F4E98D28267D3600689710 /* Products */;
			projectDirPath = "";
			projectRoot = "";
			targets = (
				27F4E98B28267D3600689710 /* WaterBalance */,
			);
		};
/* End PBXProject section */

/* Begin PBXResourcesBuildPhase section */
		27F4E98A28267D3600689710 /* Resources */ = {
			isa = PBXResourcesBuildPhase;
			buildActionMask = 2147483647;
			files = (
				27F4E99728267D3800689710 /* Preview Assets.xcassets in Resources */,
				27F4E99428267D3800689710 /* Assets.xcassets in Resources */,
			);
			runOnlyForDeploymentPostprocessing = 0;
		};
/* End PBXResourcesBuildPhase section */

/* Begin PBXSourcesBuildPhase section */
		27F4E98828267D3600689710 /* Sources */ = {
			isa = PBXSourcesBuildPhase;
			buildActionMask = 2147483647;
			files = (
				27F4E99E282690EB00689710 /* ContentView1.swift in Sources */,
				278D63552826AEB40092F944 /* List1.swift in Sources */,
				278D634F28269F200092F944 /* ContentView2.swift in Sources */,
				27F79CF52827152E00299F3C /* List2.swift in Sources */,
				273D33E12827B8C600350648 /* List4.swift in Sources */,
				27F4E99228267D3600689710 /* ContentView.swift in Sources */,
				27F79CF7282727AA00299F3C /* List3.swift in Sources */,
				278D63512826A58B0092F944 /* ContentView3.swift in Sources */,
				27F4E99028267D3600689710 /* WaterBalanceApp.swift in Sources */,
			);
			runOnlyForDeploymentPostprocessing = 0;
		};
/* End PBXSourcesBuildPhase section */

/* Begin XCBuildConfiguration section */
		27F4E99828267D3800689710 /* Debug */ = {
			isa = XCBuildConfiguration;
			buildSettings = {
				ALWAYS_SEARCH_USER_PATHS = NO;
				CLANG_ANALYZER_NONNULL = YES;
				CLANG_ANALYZER_NUMBER_OBJECT_CONVERSION = YES_AGGRESSIVE;
				CLANG_CXX_LANGUAGE_STANDARD = "gnu++17";
				CLANG_ENABLE_MODULES = YES;
				CLANG_ENABLE_OBJC_ARC = YES;
				CLANG_ENABLE_OBJC_WEAK = YES;
				CLANG_WARN_BLOCK_CAPTURE_AUTORELEASING = YES;
				CLANG_WARN_BOOL_CONVERSION = YES;
				CLANG_WARN_COMMA = YES;
				CLANG_WARN_CONSTANT_CONVERSION = YES;
				CLANG_WARN_DEPRECATED_OBJC_IMPLEMENTATIONS = YES;
				CLANG_WARN_DIRECT_OBJC_ISA_USAGE = YES_ERROR;
				CLANG_WARN_DOCUMENTATION_COMMENTS = YES;
				CLANG_WARN_EMPTY_BODY = YES;
				CLANG_WARN_ENUM_CONVERSION = YES;
				CLANG_WARN_INFINITE_RECURSION = YES;
				CLANG_WARN_INT_CONVERSION = YES;
				CLANG_WARN_NON_LITERAL_NULL_CONVERSION = YES;
				CLANG_WARN_OBJC_IMPLICIT_RETAIN_SELF = YES;
				CLANG_WARN_OBJC_LITERAL_CONVERSION = YES;
				CLANG_WARN_OBJC_ROOT_CLASS = YES_ERROR;
				CLANG_WARN_QUOTED_INCLUDE_IN_FRAMEWORK_HEADER = YES;
				CLANG_WARN_RANGE_LOOP_ANALYSIS = YES;
				CLANG_WARN_STRICT_PROTOTYPES = YES;
				CLANG_WARN_SUSPICIOUS_MOVE = YES;
				CLANG_WARN_UNGUARDED_AVAILABILITY = YES_AGGRESSIVE;
				CLANG_WARN_UNREACHABLE_CODE = YES;
				CLANG_WARN__DUPLICATE_METHOD_MATCH = YES;
				COPY_PHASE_STRIP = NO;
				DEBUG_INFORMATION_FORMAT = dwarf;
				ENABLE_STRICT_OBJC_MSGSEND = YES;
				ENABLE_TESTABILITY = YES;
				GCC_C_LANGUAGE_STANDARD = gnu11;
				GCC_DYNAMIC_NO_PIC = NO;
				GCC_NO_COMMON_BLOCKS = YES;
				GCC_OPTIMIZATION_LEVEL = 0;
				GCC_PREPROCESSOR_DEFINITIONS = (
					"DEBUG=1",
					"$(inherited)",
				);
				GCC_WARN_64_TO_32_BIT_CONVERSION = YES;
				GCC_WARN_ABOUT_RETURN_TYPE = YES_ERROR;
				GCC_WARN_UNDECLARED_SELECTOR = YES;
				GCC_WARN_UNINITIALIZED_AUTOS = YES_AGGRESSIVE;
				GCC_WARN_UNUSED_FUNCTION = YES;
				GCC_WARN_UNUSED_VARIABLE = YES;
				IPHONEOS_DEPLOYMENT_TARGET = 15.4;
				MTL_ENABLE_DEBUG_INFO = INCLUDE_SOURCE;
				MTL_FAST_MATH = YES;
				ONLY_ACTIVE_ARCH = YES;
				SDKROOT = iphoneos;
				SWIFT_ACTIVE_COMPILATION_CONDITIONS = DEBUG;
				SWIFT_OPTIMIZATION_LEVEL = "-Onone";
			};
			name = Debug;
		};
		27F4E99928267D3800689710 /* Release */ = {
			isa = XCBuildConfiguration;
			buildSettings = {
				ALWAYS_SEARCH_USER_PATHS = NO;
				CLANG_ANALYZER_NONNULL = YES;
				CLANG_ANALYZER_NUMBER_OBJECT_CONVERSION = YES_AGGRESSIVE;
				CLANG_CXX_LANGUAGE_STANDARD = "gnu++17";
				CLANG_ENABLE_MODULES = YES;
				CLANG_ENABLE_OBJC_ARC = YES;
				CLANG_ENABLE_OBJC_WEAK = YES;
				CLANG_WARN_BLOCK_CAPTURE_AUTORELEASING = YES;
				CLANG_WARN_BOOL_CONVERSION = YES;
				CLANG_WARN_COMMA = YES;
				CLANG_WARN_CONSTANT_CONVERSION = YES;
				CLANG_WARN_DEPRECATED_OBJC_IMPLEMENTATIONS = YES;
				CLANG_WARN_DIRECT_OBJC_ISA_USAGE = YES_ERROR;
				CLANG_WARN_DOCUMENTATION_COMMENTS = YES;
				CLANG_WARN_EMPTY_BODY = YES;
				CLANG_WARN_ENUM_CONVERSION = YES;
				CLANG_WARN_INFINITE_RECURSION = YES;
				CLANG_WARN_INT_CONVERSION = YES;
				CLANG_WARN_NON_LITERAL_NULL_CONVERSION = YES;
				CLANG_WARN_OBJC_IMPLICIT_RETAIN_SELF = YES;
				CLANG_WARN_OBJC_LITERAL_CONVERSION = YES;
				CLANG_WARN_OBJC_ROOT_CLASS = YES_ERROR;
				CLANG_WARN_QUOTED_INCLUDE_IN_FRAMEWORK_HEADER = YES;
				CLANG_WARN_RANGE_LOOP_ANALYSIS = YES;
				CLANG_WARN_STRICT_PROTOTYPES = YES;
				CLANG_WARN_SUSPICIOUS_MOVE = YES;
				CLANG_WARN_UNGUARDED_AVAILABILITY = YES_AGGRESSIVE;
				CLANG_WARN_UNREACHABLE_CODE = YES;
				CLANG_WARN__DUPLICATE_METHOD_MATCH = YES;
				COPY_PHASE_STRIP = NO;
				DEBUG_INFORMATION_FORMAT = "dwarf-with-dsym";
				ENABLE_NS_ASSERTIONS = NO;
				ENABLE_STRICT_OBJC_MSGSEND = YES;
				GCC_C_LANGUAGE_STANDARD = gnu11;
				GCC_NO_COMMON_BLOCKS = YES;
				GCC_WARN_64_TO_32_BIT_CONVERSION = YES;
				GCC_WARN_ABOUT_RETURN_TYPE = YES_ERROR;
				GCC_WARN_UNDECLARED_SELECTOR = YES;
				GCC_WARN_UNINITIALIZED_AUTOS = YES_AGGRESSIVE;
				GCC_WARN_UNUSED_FUNCTION = YES;
				GCC_WARN_UNUSED_VARIABLE = YES;
				IPHONEOS_DEPLOYMENT_TARGET = 15.4;
				MTL_ENABLE_DEBUG_INFO = NO;
				MTL_FAST_MATH = YES;
				SDKROOT = iphoneos;
				SWIFT_COMPILATION_MODE = wholemodule;
				SWIFT_OPTIMIZATION_LEVEL = "-O";
				VALIDATE_PRODUCT = YES;
			};
			name = Release;
		};
		27F4E99B28267D3800689710 /* Debug */ = {
			isa = XCBuildConfiguration;
			buildSettings = {
				ASSETCATALOG_COMPILER_APPICON_NAME = AppIcon;
				ASSETCATALOG_COMPILER_GLOBAL_ACCENT_COLOR_NAME = AccentColor;
				CODE_SIGN_STYLE = Automatic;
				CURRENT_PROJECT_VERSION = 1;
				DEVELOPMENT_ASSET_PATHS = "\"WaterBalance/Preview Content\"";
				DEVELOPMENT_TEAM = J285UN6SDD;
				ENABLE_PREVIEWS = YES;
				GENERATE_INFOPLIST_FILE = YES;
				INFOPLIST_KEY_UIApplicationSceneManifest_Generation = YES;
				INFOPLIST_KEY_UIApplicationSupportsIndirectInputEvents = YES;
				INFOPLIST_KEY_UILaunchScreen_Generation = YES;
				INFOPLIST_KEY_UISupportedInterfaceOrientations_iPad = "UIInterfaceOrientationPortrait UIInterfaceOrientationPortraitUpsideDown UIInterfaceOrientationLandscapeLeft UIInterfaceOrientationLandscapeRight";
				INFOPLIST_KEY_UISupportedInterfaceOrientations_iPhone = "UIInterfaceOrientationPortrait UIInterfaceOrientationLandscapeLeft UIInterfaceOrientationLandscapeRight";
				LD_RUNPATH_SEARCH_PATHS = (
					"$(inherited)",
					"@executable_path/Frameworks",
				);
				MARKETING_VERSION = 1.0;
				PRODUCT_BUNDLE_IDENTIFIER = "Daukes-Nurmukhan.WaterBalance";
				PRODUCT_NAME = "$(TARGET_NAME)";
				SWIFT_EMIT_LOC_STRINGS = YES;
				SWIFT_VERSION = 5.0;
				TARGETED_DEVICE_FAMILY = "1,2";
			};
			name = Debug;
		};
		27F4E99C28267D3800689710 /* Release */ = {
			isa = XCBuildConfiguration;
			buildSettings = {
				ASSETCATALOG_COMPILER_APPICON_NAME = AppIcon;
				ASSETCATALOG_COMPILER_GLOBAL_ACCENT_COLOR_NAME = AccentColor;
				CODE_SIGN_STYLE = Automatic;
				CURRENT_PROJECT_VERSION = 1;
				DEVELOPMENT_ASSET_PATHS = "\"WaterBalance/Preview Content\"";
				DEVELOPMENT_TEAM = J285UN6SDD;
				ENABLE_PREVIEWS = YES;
				GENERATE_INFOPLIST_FILE = YES;
				INFOPLIST_KEY_UIApplicationSceneManifest_Generation = YES;
				INFOPLIST_KEY_UIApplicationSupportsIndirectInputEvents = YES;
				INFOPLIST_KEY_UILaunchScreen_Generation = YES;
				INFOPLIST_KEY_UISupportedInterfaceOrientations_iPad = "UIInterfaceOrientationPortrait UIInterfaceOrientationPortraitUpsideDown UIInterfaceOrientationLandscapeLeft UIInterfaceOrientationLandscapeRight";
				INFOPLIST_KEY_UISupportedInterfaceOrientations_iPhone = "UIInterfaceOrientationPortrait UIInterfaceOrientationLandscapeLeft UIInterfaceOrientationLandscapeRight";
				LD_RUNPATH_SEARCH_PATHS = (
					"$(inherited)",
					"@executable_path/Frameworks",
				);
				MARKETING_VERSION = 1.0;
				PRODUCT_BUNDLE_IDENTIFIER = "Daukes-Nurmukhan.WaterBalance";
				PRODUCT_NAME = "$(TARGET_NAME)";
				SWIFT_EMIT_LOC_STRINGS = YES;
				SWIFT_VERSION = 5.0;
				TARGETED_DEVICE_FAMILY = "1,2";
			};
			name = Release;
		};
/* End XCBuildConfiguration section */

/* Begin XCConfigurationList section */
		27F4E98728267D3600689710 /* Build configuration list for PBXProject "WaterBalance" */ = {
			isa = XCConfigurationList;
			buildConfigurations = (
				27F4E99828267D3800689710 /* Debug */,
				27F4E99928267D3800689710 /* Release */,
			);
			defaultConfigurationIsVisible = 0;
			defaultConfigurationName = Release;
		};
		27F4E99A28267D3800689710 /* Build configuration list for PBXNativeTarget "WaterBalance" */ = {
			isa = XCConfigurationList;
			buildConfigurations = (
				27F4E99B28267D3800689710 /* Debug */,
				27F4E99C28267D3800689710 /* Release */,
			);
			defaultConfigurationIsVisible = 0;
			defaultConfigurationName = Release;
		};
/* End XCConfigurationList section */
	};
	rootObject = 27F4E98428267D3600689710 /* Project object */;
}
